
Microsoft Visual Studio Solution File, Format Version 12.00
# Visual Studio 14
VisualStudioVersion = 14.0.25420.1
MinimumVisualStudioVersion = 10.0.40219.1
Project("{FAE04EC0-301F-11D3-BF4B-00C04F79EFBC}") = "Commons.Refactorings", "Commons.Refactorings\Commons.Refactorings\Commons.Refactorings.csproj", "{70CF6D49-FB1D-4E0D-9E24-8F8CF0C55F22}"
EndProject
Project("{FAE04EC0-301F-11D3-BF4B-00C04F79EFBC}") = "Commons.Refactorings.Vsix", "Commons.Refactorings\Commons.Refactorings.Vsix\Commons.Refactorings.Vsix.csproj", "{9E6B5DE4-FB39-4950-A6F8-CCF82FA64B5C}"
EndProject
Project("{2150E333-8FDC-42A3-9474-1A3956D46DE8}") = "Open Source", "Open Source", "{EB87184F-1B57-4D04-B712-66CF3E64E299}"
	ProjectSection(SolutionItems) = preProject
		.gitignore = .gitignore
		LICENSE = LICENSE
		README.md = README.md
	EndProjectSection
EndProject
Global
	GlobalSection(SolutionConfigurationPlatforms) = preSolution
		Debug|Any CPU = Debug|Any CPU
		Release|Any CPU = Release|Any CPU
	EndGlobalSection
	GlobalSection(ProjectConfigurationPlatforms) = postSolution
		{70CF6D49-FB1D-4E0D-9E24-8F8CF0C55F22}.Debug|Any CPU.ActiveCfg = Debug|Any CPU
		{70CF6D49-FB1D-4E0D-9E24-8F8CF0C55F22}.Debug|Any CPU.Build.0 = Debug|Any CPU
		{70CF6D49-FB1D-4E0D-9E24-8F8CF0C55F22}.Release|Any CPU.ActiveCfg = Release|Any CPU
		{70CF6D49-FB1D-4E0D-9E24-8F8CF0C55F22}.Release|Any CPU.Build.0 = Release|Any CPU
		{9E6B5DE4-FB39-4950-A6F8-CCF82FA64B5C}.Debug|Any CPU.ActiveCfg = Debug|Any CPU
		{9E6B5DE4-FB39-4950-A6F8-CCF82FA64B5C}.Debug|Any CPU.Build.0 = Debug|Any CPU
		{9E6B5DE4-FB39-4950-A6F8-CCF82FA64B5C}.Release|Any CPU.ActiveCfg = Release|Any CPU
		{9E6B5DE4-FB39-4950-A6F8-CCF82FA64B5C}.Release|Any CPU.Build.0 = Release|Any CPU
	EndGlobalSection
	GlobalSection(SolutionProperties) = preSolution
		HideSolutionNode = FALSE
	EndGlobalSection
EndGlobal
